// !$*UTF8*$!
{
	archiveVersion = 1;
	classes = {
	};
	objectVersion = 46;
	objects = {

/* Begin PBXBuildFile section */
		A7FA68091EEA932C00698361 /* AppDelegate.swift in Sources */ = {isa = PBXBuildFile; fileRef = A7FA68081EEA932C00698361 /* AppDelegate.swift */; };
		A7FA680B1EEA932C00698361 /* ViewController.swift in Sources */ = {isa = PBXBuildFile; fileRef = A7FA680A1EEA932C00698361 /* ViewController.swift */; };
		A7FA680E1EEA932C00698361 /* Main.storyboard in Resources */ = {isa = PBXBuildFile; fileRef = A7FA680C1EEA932C00698361 /* Main.storyboard */; };
		A7FA68101EEA932C00698361 /* Assets.xcassets in Resources */ = {isa = PBXBuildFile; fileRef = A7FA680F1EEA932C00698361 /* Assets.xcassets */; };
		A7FA68131EEA932C00698361 /* LaunchScreen.storyboard in Resources */ = {isa = PBXBuildFile; fileRef = A7FA68111EEA932C00698361 /* LaunchScreen.storyboard */; };
/* End PBXBuildFile section */

/* Begin PBXFileReference section */
		A7FA68051EEA932C00698361 /* idle001.app */ = {isa = PBXFileReference; explicitFileType = wrapper.application; includeInIndex = 0; path = idle001.app; sourceTree = BUILT_PRODUCTS_DIR; };
		A7FA68081EEA932C00698361 /* AppDelegate.swift */ = {isa = PBXFileReference; lastKnownFileType = sourcecode.swift; path = AppDelegate.swift; sourceTree = "<group>"; };
		A7FA680A1EEA932C00698361 /* ViewController.swift */ = {isa = PBXFileReference; lastKnownFileType = sourcecode.swift; path = ViewController.swift; sourceTree = "<group>"; };
		A7FA680D1EEA932C00698361 /* Base */ = {isa = PBXFileReference; lastKnownFileType = file.storyboard; name = Base; path = Base.lproj/Main.storyboard; sourceTree = "<group>"; };
		A7FA680F1EEA932C00698361 /* Assets.xcassets */ = {isa = PBXFileReference; lastKnownFileType = folder.assetcatalog; path = Assets.xcassets; sourceTree = "<group>"; };
		A7FA68121EEA932C00698361 /* Base */ = {isa = PBXFileReference; lastKnownFileType = file.storyboard; name = Base; path = Base.lproj/LaunchScreen.storyboard; sourceTree = "<group>"; };
		A7FA68141EEA932C00698361 /* Info.plist */ = {isa = PBXFileReference; lastKnownFileType = text.plist.xml; path = Info.plist; sourceTree = "<group>"; };
/* End PBXFileReference section */

/* Begin PBXFrameworksBuildPhase section */
		A7FA68021EEA932C00698361 /* Frameworks */ = {
			isa = PBXFrameworksBuildPhase;
			buildActionMask = 2147483647;
			files = (
			);
			runOnlyForDeploymentPostprocessing = 0;
		};
/* End PBXFrameworksBuildPhase section */

/* Begin PBXGroup section */
		A7FA67FC1EEA932C00698361 = {
			isa = PBXGroup;
			children = (
				A7FA68071EEA932C00698361 /* idle001 */,
				A7FA68061EEA932C00698361 /* Products */,
			);
			sourceTree = "<group>";
		};
		A7FA68061EEA932C00698361 /* Products */ = {
			isa = PBXGroup;
			children = (
				A7FA68051EEA932C00698361 /* idle001.app */,
			);
			name = Products;
			sourceTree = "<group>";
		};
		A7FA68071EEA932C00698361 /* idle001 */ = {
			isa = PBXGroup;
			children = (
				A7FA68081EEA932C00698361 /* AppDelegate.swift */,
				A7FA680A1EEA932C00698361 /* ViewController.swift */,
				A7FA680C1EEA932C00698361 /* Main.storyboard */,
				A7FA680F1EEA932C00698361 /* Assets.xcassets */,
				A7FA68111EEA932C00698361 /* LaunchScreen.storyboard */,
				A7FA68141EEA932C00698361 /* Info.plist */,
			);
			path = idle001;
			sourceTree = "<group>";
		};
/* End PBXGroup section */

/* Begin PBXNativeTarget section */
		A7FA68041EEA932C00698361 /* idle001 */ = {
			isa = PBXNativeTarget;
			buildConfigurationList = A7FA68171EEA932C00698361 /* Build configuration list for PBXNativeTarget "idle001" */;
			buildPhases = (
				A7FA68011EEA932C00698361 /* Sources */,
				A7FA68021EEA932C00698361 /* Frameworks */,
				A7FA68031EEA932C00698361 /* Resources */,
			);
			buildRules = (
			);
			dependencies = (
			);
			name = idle001;
			productName = idle001;
			productReference = A7FA68051EEA932C00698361 /* idle001.app */;
			productType = "com.apple.product-type.application";
		};
/* End PBXNativeTarget section */

/* Begin PBXProject section */
		A7FA67FD1EEA932C00698361 /* Project object */ = {
			isa = PBXProject;
			attributes = {
				LastSwiftUpdateCheck = 0820;
				LastUpgradeCheck = 0820;
				ORGANIZATIONNAME = pair;
				TargetAttributes = {
					A7FA68041EEA932C00698361 = {
						CreatedOnToolsVersion = 8.2;
						DevelopmentTeam = EPF99BXA3K;
						ProvisioningStyle = Automatic;
					};
				};
			};
			buildConfigurationList = A7FA68001EEA932C00698361 /* Build configuration list for PBXProject "idle001" */;
			compatibilityVersion = "Xcode 3.2";
			developmentRegion = English;
			hasScannedForEncodings = 0;
			knownRegions = (
				en,
				Base,
			);
			mainGroup = A7FA67FC1EEA932C00698361;
			productRefGroup = A7FA68061EEA932C00698361 /* Products */;
			projectDirPath = "";
			projectRoot = "";
			targets = (
				A7FA68041EEA932C00698361 /* idle001 */,
			);
		};
/* End PBXProject section */

/* Begin PBXResourcesBuildPhase section */
		A7FA68031EEA932C00698361 /* Resources */ = {
			isa = PBXResourcesBuildPhase;
			buildActionMask = 2147483647;
			files = (
				A7FA68131EEA932C00698361 /* LaunchScreen.storyboard in Resources */,
				A7FA68101EEA932C00698361 /* Assets.xcassets in Resources */,
				A7FA680E1EEA932C00698361 /* Main.storyboard in Resources */,
			);
			runOnlyForDeploymentPostprocessing = 0;
		};
/* End PBXResourcesBuildPhase section */

/* Begin PBXSourcesBuildPhase section */
		A7FA68011EEA932C00698361 /* Sources */ = {
			isa = PBXSourcesBuildPhase;
			buildActionMask = 2147483647;
			files = (
				A7FA680B1EEA932C00698361 /* ViewController.swift in Sources */,
				A7FA68091EEA932C00698361 /* AppDelegate.swift in Sources */,
			);
			runOnlyForDeploymentPostprocessing = 0;
		};
/* End PBXSourcesBuildPhase section */

/* Begin PBXVariantGroup section */
		A7FA680C1EEA932C00698361 /* Main.storyboard */ = {
			isa = PBXVariantGroup;
			children = (
				A7FA680D1EEA932C00698361 /* Base */,
			);
			name = Main.storyboard;
			sourceTree = "<group>";
		};
		A7FA68111EEA932C00698361 /* LaunchScreen.storyboard */ = {
			isa = PBXVariantGroup;
			children = (
				A7FA68121EEA932C00698361 /* Base */,
			);
			name = LaunchScreen.storyboard;
			sourceTree = "<group>";
		};
/* End PBXVariantGroup section */

/* Begin XCBuildConfiguration section */
		A7FA68151EEA932C00698361 /* Debug */ = {
			isa = XCBuildConfiguration;
			buildSettings = {
				ALWAYS_SEARCH_USER_PATHS = NO;
				CLANG_ANALYZER_NONNULL = YES;
				CLANG_CXX_LANGUAGE_STANDARD = "gnu++0x";
				CLANG_CXX_LIBRARY = "libc++";
				CLANG_ENABLE_MODULES = YES;
				CLANG_ENABLE_OBJC_ARC = YES;
				CLANG_WARN_BOOL_CONVERSION = YES;
				CLANG_WARN_CONSTANT_CONVERSION = YES;
				CLANG_WARN_DIRECT_OBJC_ISA_USAGE = YES_ERROR;
				CLANG_WARN_DOCUMENTATION_COMMENTS = YES;
				CLANG_WARN_EMPTY_BODY = YES;
				CLANG_WARN_ENUM_CONVERSION = YES;
				CLANG_WARN_INFINITE_RECURSION = YES;
				CLANG_WARN_INT_CONVERSION = YES;
				CLANG_WARN_OBJC_ROOT_CLASS = YES_ERROR;
				CLANG_WARN_SUSPICIOUS_MOVE = YES;
				CLANG_WARN_UNREACHABLE_CODE = YES;
				CLANG_WARN__DUPLICATE_METHOD_MATCH = YES;
				"CODE_SIGN_IDENTITY[sdk=iphoneos*]" = "iPhone Developer";
				COPY_PHASE_STRIP = NO;
				DEBUG_INFORMATION_FORMAT = dwarf;
				ENABLE_STRICT_OBJC_MSGSEND = YES;
				ENABLE_TESTABILITY = YES;
				GCC_C_LANGUAGE_STANDARD = gnu99;
				GCC_DYNAMIC_NO_PIC = NO;
				GCC_NO_COMMON_BLOCKS = YES;
				GCC_OPTIMIZATION_LEVEL = 0;
				GCC_PREPROCESSOR_DEFINITIONS = (
					"DEBUG=1",
					"$(inherited)",
				);
				GCC_WARN_64_TO_32_BIT_CONVERSION = YES;
				GCC_WARN_ABOUT_RETURN_TYPE = YES_ERROR;
				GCC_WARN_UNDECLARED_SELECTOR = YES;
				GCC_WARN_UNINITIALIZED_AUTOS = YES_AGGRESSIVE;
				GCC_WARN_UNUSED_FUNCTION = YES;
				GCC_WARN_UNUSED_VARIABLE = YES;
				IPHONEOS_DEPLOYMENT_TARGET = 10.2;
				MTL_ENABLE_DEBUG_INFO = YES;
				ONLY_ACTIVE_ARCH = YES;
				SDKROOT = iphoneos;
				SWIFT_ACTIVE_COMPILATION_CONDITIONS = DEBUG;
				SWIFT_OPTIMIZATION_LEVEL = "-Onone";
				TARGETED_DEVICE_FAMILY = "1,2";
			};
			name = Debug;
		};
		A7FA68161EEA932C00698361 /* Release */ = {
			isa = XCBuildConfiguration;
			buildSettings = {
				ALWAYS_SEARCH_USER_PATHS = NO;
				CLANG_ANALYZER_NONNULL = YES;
				CLANG_CXX_LANGUAGE_STANDARD = "gnu++0x";
				CLANG_CXX_LIBRARY = "libc++";
				CLANG_ENABLE_MODULES = YES;
				CLANG_ENABLE_OBJC_ARC = YES;
				CLANG_WARN_BOOL_CONVERSION = YES;
				CLANG_WARN_CONSTANT_CONVERSION = YES;
				CLANG_WARN_DIRECT_OBJC_ISA_USAGE = YES_ERROR;
				CLANG_WARN_DOCUMENTATION_COMMENTS = YES;
				CLANG_WARN_EMPTY_BODY = YES;
				CLANG_WARN_ENUM_CONVERSION = YES;
				CLANG_WARN_INFINITE_RECURSION = YES;
				CLANG_WARN_INT_CONVERSION = YES;
				CLANG_WARN_OBJC_ROOT_CLASS = YES_ERROR;
				CLANG_WARN_SUSPICIOUS_MOVE = YES;
				CLANG_WARN_UNREACHABLE_CODE = YES;
				CLANG_WARN__DUPLICATE_METHOD_MATCH = YES;
				"CODE_SIGN_IDENTITY[sdk=iphoneos*]" = "iPhone Developer";
				COPY_PHASE_STRIP = NO;
				DEBUG_INFORMATION_FORMAT = "dwarf-with-dsym";
				ENABLE_NS_ASSERTIONS = NO;
				ENABLE_STRICT_OBJC_MSGSEND = YES;
				GCC_C_LANGUAGE_STANDARD = gnu99;
				GCC_NO_COMMON_BLOCKS = YES;
				GCC_WARN_64_TO_32_BIT_CONVERSION = YES;
				GCC_WARN_ABOUT_RETURN_TYPE = YES_ERROR;
				GCC_WARN_UNDECLARED_SELECTOR = YES;
				GCC_WARN_UNINITIALIZED_AUTOS = YES_AGGRESSIVE;
				GCC_WARN_UNUSED_FUNCTION = YES;
				GCC_WARN_UNUSED_VARIABLE = YES;
				IPHONEOS_DEPLOYMENT_TARGET = 10.2;
				MTL_ENABLE_DEBUG_INFO = NO;
				SDKROOT = iphoneos;
				SWIFT_OPTIMIZATION_LEVEL = "-Owholemodule";
				TARGETED_DEVICE_FAMILY = "1,2";
				VALIDATE_PRODUCT = YES;
			};
			name = Release;
		};
		A7FA68181EEA932C00698361 /* Debug */ = {
			isa = XCBuildConfiguration;
			buildSettings = {
				ASSETCATALOG_COMPILER_APPICON_NAME = AppIcon;
				DEVELOPMENT_TEAM = EPF99BXA3K;
				INFOPLIST_FILE = idle001/Info.plist;
				LD_RUNPATH_SEARCH_PATHS = "$(inherited) @executable_path/Frameworks";
				PRODUCT_BUNDLE_IDENTIFIER = com.visionrunner.idle001;
				PRODUCT_NAME = "$(TARGET_NAME)";
				SWIFT_VERSION = 3.0;
			};
			name = Debug;
		};
		A7FA68191EEA932C00698361 /* Release */ = {
			isa = XCBuildConfiguration;
			buildSettings = {
				ASSETCATALOG_COMPILER_APPICON_NAME = AppIcon;
				DEVELOPMENT_TEAM = EPF99BXA3K;
				INFOPLIST_FILE = idle001/Info.plist;
				LD_RUNPATH_SEARCH_PATHS = "$(inherited) @executable_path/Frameworks";
				PRODUCT_BUNDLE_IDENTIFIER = com.visionrunner.idle001;
				PRODUCT_NAME = "$(TARGET_NAME)";
				SWIFT_VERSION = 3.0;
			};
			name = Release;
		};
/* End XCBuildConfiguration section */

/* Begin XCConfigurationList section */
		A7FA68001EEA932C00698361 /* Build configuration list for PBXProject "idle001" */ = {
			isa = XCConfigurationList;
			buildConfigurations = (
				A7FA68151EEA932C00698361 /* Debug */,
				A7FA68161EEA932C00698361 /* Release */,
			);
			defaultConfigurationIsVisible = 0;
			defaultConfigurationName = Release;
		};
		A7FA68171EEA932C00698361 /* Build configuration list for PBXNativeTarget "idle001" */ = {
			isa = XCConfigurationList;
			buildConfigurations = (
				A7FA68181EEA932C00698361 /* Debug */,
				A7FA68191EEA932C00698361 /* Release */,
			);
			defaultConfigurationIsVisible = 0;
		};
/* End XCConfigurationList section */
	};
	rootObject = A7FA67FD1EEA932C00698361 /* Project object */;
}
